
Microsoft Visual Studio Solution File, Format Version 12.00
# Visual Studio Version 17
VisualStudioVersion = 17.2.32505.173
MinimumVisualStudioVersion = 10.0.40219.1
Project("{9A19103F-16F7-4668-BE54-9A1E7A4F7556}") = "AgroBay.Core", "AgroBay.Core\AgroBay.Core.csproj", "{EC1F1919-FE53-453F-BDC5-60E24E29988E}"
EndProject
Project("{FAE04EC0-301F-11D3-BF4B-00C04F79EFBC}") = "AgroBay.Dashbord", "AgroBay.Dashbord\AgroBay.Dashbord.csproj", "{B70C3EF0-E656-4739-A649-21F6BA33761F}"
EndProject
Global
	GlobalSection(SolutionConfigurationPlatforms) = preSolution
		Debug|Any CPU = Debug|Any CPU
		Release|Any CPU = Release|Any CPU
	EndGlobalSection
	GlobalSection(ProjectConfigurationPlatforms) = postSolution
		{EC1F1919-FE53-453F-BDC5-60E24E29988E}.Debug|Any CPU.ActiveCfg = Debug|Any CPU
		{EC1F1919-FE53-453F-BDC5-60E24E29988E}.Debug|Any CPU.Build.0 = Debug|Any CPU
		{EC1F1919-FE53-453F-BDC5-60E24E29988E}.Release|Any CPU.ActiveCfg = Release|Any CPU
		{EC1F1919-FE53-453F-BDC5-60E24E29988E}.Release|Any CPU.Build.0 = Release|Any CPU
		{B70C3EF0-E656-4739-A649-21F6BA33761F}.Debug|Any CPU.ActiveCfg = Debug|Any CPU
		{B70C3EF0-E656-4739-A649-21F6BA33761F}.Debug|Any CPU.Build.0 = Debug|Any CPU
		{B70C3EF0-E656-4739-A649-21F6BA33761F}.Release|Any CPU.ActiveCfg = Release|Any CPU
		{B70C3EF0-E656-4739-A649-21F6BA33761F}.Release|Any CPU.Build.0 = Release|Any CPU
	EndGlobalSection
	GlobalSection(SolutionProperties) = preSolution
		HideSolutionNode = FALSE
	EndGlobalSection
	GlobalSection(ExtensibilityGlobals) = postSolution
		SolutionGuid = {3164C93D-B1C0-4DE1-BCEF-C702153292D4}
	EndGlobalSection
EndGlobal
